
Microsoft Visual Studio Solution File, Format Version 12.00
# Visual Studio Version 16
VisualStudioVersion = 25.0.1706.4
MinimumVisualStudioVersion = 10.0.40219.1
Project("{FAE04EC0-301F-11D3-BF4B-00C04F79EFBC}") = "FoodAddressWebApi", "FoodAddressWEbApi\FoodAddressWEbApi.csproj", "{425F4012-6216-403D-9910-6F8F356665DD}"
EndProject
Global
	GlobalSection(SolutionConfigurationPlatforms) = preSolution
		Debug|Any CPU = Debug|Any CPU
		Release|Any CPU = Release|Any CPU
	EndGlobalSection
	GlobalSection(ProjectConfigurationPlatforms) = postSolution
		{425F4012-6216-403D-9910-6F8F356665DD}.Debug|Any CPU.ActiveCfg = Debug|Any CPU
		{425F4012-6216-403D-9910-6F8F356665DD}.Debug|Any CPU.Build.0 = Debug|Any CPU
		{425F4012-6216-403D-9910-6F8F356665DD}.Release|Any CPU.ActiveCfg = Release|Any CPU
		{425F4012-6216-403D-9910-6F8F356665DD}.Release|Any CPU.Build.0 = Release|Any CPU
	EndGlobalSection
	GlobalSection(SolutionProperties) = preSolution
		HideSolutionNode = FALSE
	EndGlobalSection
	GlobalSection(ExtensibilityGlobals) = postSolution
		SolutionGuid = {6E147B93-8D80-41B5-A4AD-AA64FC53C4F2}
	EndGlobalSection
EndGlobal
